// !$*UTF8*$!
{
	archiveVersion = 1;
	classes = {
	};
	objectVersion = 56;
	objects = {

/* Begin PBXBuildFile section */
		FC3FCFBE2B9CC4A90020B3F3 /* MainPostCell.swift in Sources */ = {isa = PBXBuildFile; fileRef = FC3FCFBD2B9CC4A90020B3F3 /* MainPostCell.swift */; };
		FC3FCFC02B9CC5090020B3F3 /* MainPostHeader.swift in Sources */ = {isa = PBXBuildFile; fileRef = FC3FCFBF2B9CC5090020B3F3 /* MainPostHeader.swift */; };
		FC3FCFC22B9CC7770020B3F3 /* PostItem1.swift in Sources */ = {isa = PBXBuildFile; fileRef = FC3FCFC12B9CC7770020B3F3 /* PostItem1.swift */; };
		FC3FCFC42B9CD7DF0020B3F3 /* Date + Ext.swift in Sources */ = {isa = PBXBuildFile; fileRef = FC3FCFC32B9CD7DF0020B3F3 /* Date + Ext.swift */; };
		FC3FCFC62B9DBD4F0020B3F3 /* UIApplication + Ext.swift in Sources */ = {isa = PBXBuildFile; fileRef = FC3FCFC52B9DBD4F0020B3F3 /* UIApplication + Ext.swift */; };
		FC3FCFC92B9DDE940020B3F3 /* TagCollectionView.swift in Sources */ = {isa = PBXBuildFile; fileRef = FC3FCFC82B9DDE940020B3F3 /* TagCollectionView.swift */; };
		FC3FCFCB2B9DE3180020B3F3 /* TagCollectionVCell.swift in Sources */ = {isa = PBXBuildFile; fileRef = FC3FCFCA2B9DE3180020B3F3 /* TagCollectionVCell.swift */; };
		FC3FCFD32BA5DD6E0020B3F3 /* FavoritePresenter.swift in Sources */ = {isa = PBXBuildFile; fileRef = FC3FCFD22BA5DD6E0020B3F3 /* FavoritePresenter.swift */; };
		FC3FCFD52BA5F35A0020B3F3 /* FavoriteCell.swift in Sources */ = {isa = PBXBuildFile; fileRef = FC3FCFD42BA5F35A0020B3F3 /* FavoriteCell.swift */; };
		FC54F6352BEF9ECA00918D70 /* instaDiary.xcdatamodeld in Sources */ = {isa = PBXBuildFile; fileRef = FC54F6332BEF9ECA00918D70 /* instaDiary.xcdatamodeld */; };
		FC64D52C2B99C09100FF0E36 /* KeychainManager.swift in Sources */ = {isa = PBXBuildFile; fileRef = FC64D52B2B99C09100FF0E36 /* KeychainManager.swift */; };
		FC64D52F2B99CF0900FF0E36 /* KeychainAccess in Frameworks */ = {isa = PBXBuildFile; productRef = FC64D52E2B99CF0900FF0E36 /* KeychainAccess */; };
		FC64D5312B99EB4A00FF0E36 /* StringProtocol + Ext.swift in Sources */ = {isa = PBXBuildFile; fileRef = FC64D5302B99EB4A00FF0E36 /* StringProtocol + Ext.swift */; };
		FC6822902B94979D00562C78 /* AppDelegate.swift in Sources */ = {isa = PBXBuildFile; fileRef = FC68228F2B94979D00562C78 /* AppDelegate.swift */; };
		FC6822922B94979D00562C78 /* SceneDelegate.swift in Sources */ = {isa = PBXBuildFile; fileRef = FC6822912B94979D00562C78 /* SceneDelegate.swift */; };
		FC6822942B94979D00562C78 /* PasscodeView.swift in Sources */ = {isa = PBXBuildFile; fileRef = FC6822932B94979D00562C78 /* PasscodeView.swift */; };
		FC6822992B94979E00562C78 /* Assets.xcassets in Resources */ = {isa = PBXBuildFile; fileRef = FC6822982B94979E00562C78 /* Assets.xcassets */; };
		FC68229C2B94979E00562C78 /* LaunchScreen.storyboard in Resources */ = {isa = PBXBuildFile; fileRef = FC68229A2B94979E00562C78 /* LaunchScreen.storyboard */; };
		FC6822A92B9498A700562C78 /* Builder.swift in Sources */ = {isa = PBXBuildFile; fileRef = FC6822A82B9498A700562C78 /* Builder.swift */; };
		FC6822AC2B949C1D00562C78 /* PasscodePresenter.swift in Sources */ = {isa = PBXBuildFile; fileRef = FC6822AB2B949C1D00562C78 /* PasscodePresenter.swift */; };
		FC6822AF2B94A61F00562C78 /* UIView + ext.swift in Sources */ = {isa = PBXBuildFile; fileRef = FC6822AE2B94A61F00562C78 /* UIView + ext.swift */; };
		FC9BBF352B9B3EB5002C3EAA /* MainScreenView.swift in Sources */ = {isa = PBXBuildFile; fileRef = FC9BBF342B9B3EB5002C3EAA /* MainScreenView.swift */; };
		FC9BBF372B9B3F01002C3EAA /* FavoriteView.swift in Sources */ = {isa = PBXBuildFile; fileRef = FC9BBF362B9B3F01002C3EAA /* FavoriteView.swift */; };
		FC9BBF392B9B3F50002C3EAA /* CameraView.swift in Sources */ = {isa = PBXBuildFile; fileRef = FC9BBF382B9B3F50002C3EAA /* CameraView.swift */; };
		FC9BBF3B2B9B4227002C3EAA /* TabBarView.swift in Sources */ = {isa = PBXBuildFile; fileRef = FC9BBF3A2B9B4227002C3EAA /* TabBarView.swift */; };
		FC9BBF3D2B9B4689002C3EAA /* TabBarPresenter.swift in Sources */ = {isa = PBXBuildFile; fileRef = FC9BBF3C2B9B4689002C3EAA /* TabBarPresenter.swift */; };
		FC9BBF3F2B9B4E96002C3EAA /* MainScreenPresenter.swift in Sources */ = {isa = PBXBuildFile; fileRef = FC9BBF3E2B9B4E96002C3EAA /* MainScreenPresenter.swift */; };
		FCDEF5C62BA9874000EE57B7 /* DetailsPhotoCell.swift in Sources */ = {isa = PBXBuildFile; fileRef = FCDEF5C52BA9874000EE57B7 /* DetailsPhotoCell.swift */; };
		FCDEF5C82BA98B9E00EE57B7 /* DetailDescriptionCell.swift in Sources */ = {isa = PBXBuildFile; fileRef = FCDEF5C72BA98B9E00EE57B7 /* DetailDescriptionCell.swift */; };
		FCDEF5CA2BA9955500EE57B7 /* DetailsAddCommentCell.swift in Sources */ = {isa = PBXBuildFile; fileRef = FCDEF5C92BA9955500EE57B7 /* DetailsAddCommentCell.swift */; };
		FCDEF5CC2BA9969800EE57B7 /* UITextField + ext.swift in Sources */ = {isa = PBXBuildFile; fileRef = FCDEF5CB2BA9969800EE57B7 /* UITextField + ext.swift */; };
		FCDEF5CE2BA99DB600EE57B7 /* DetailsMapCell.swift in Sources */ = {isa = PBXBuildFile; fileRef = FCDEF5CD2BA99DB600EE57B7 /* DetailsMapCell.swift */; };
		FCDEF5D32BAAA92400EE57B7 /* PhotoView.swift in Sources */ = {isa = PBXBuildFile; fileRef = FCDEF5D22BAAA92400EE57B7 /* PhotoView.swift */; };
		FCDEF5D52BAAB3B000EE57B7 /* PhotoViewPresenter.swift in Sources */ = {isa = PBXBuildFile; fileRef = FCDEF5D42BAAB3B000EE57B7 /* PhotoViewPresenter.swift */; };
		FCDEF5D72BAAF0E400EE57B7 /* NSNotification.Name.ext.swift in Sources */ = {isa = PBXBuildFile; fileRef = FCDEF5D62BAAF0E400EE57B7 /* NSNotification.Name.ext.swift */; };
		FCDEF5D92BAB637700EE57B7 /* CameraViewPresenter.swift in Sources */ = {isa = PBXBuildFile; fileRef = FCDEF5D82BAB637700EE57B7 /* CameraViewPresenter.swift */; };
		FCDEF5DC2BABFEEE00EE57B7 /* CameraService.swift in Sources */ = {isa = PBXBuildFile; fileRef = FCDEF5DB2BABFEEE00EE57B7 /* CameraService.swift */; };
		FCDEF5DE2BAC3B2F00EE57B7 /* UIImageView + ext.swift in Sources */ = {isa = PBXBuildFile; fileRef = FCDEF5DD2BAC3B2F00EE57B7 /* UIImageView + ext.swift */; };
		FCDEF5E42BAC5CC400EE57B7 /* AddPostView.swift in Sources */ = {isa = PBXBuildFile; fileRef = FCDEF5E32BAC5CC400EE57B7 /* AddPostView.swift */; };
		FCDEF5E62BAC5D7400EE57B7 /* AddPostPresenter.swift in Sources */ = {isa = PBXBuildFile; fileRef = FCDEF5E52BAC5D7400EE57B7 /* AddPostPresenter.swift */; };
		FCDEF5E92BAC785F00EE57B7 /* AddPostPhotoCell.swift in Sources */ = {isa = PBXBuildFile; fileRef = FCDEF5E82BAC785F00EE57B7 /* AddPostPhotoCell.swift */; };
		FCDEF5EB2BAC876D00EE57B7 /* AddPostTagCell.swift in Sources */ = {isa = PBXBuildFile; fileRef = FCDEF5EA2BAC876D00EE57B7 /* AddPostTagCell.swift */; };
		FCDEF5ED2BACABAA00EE57B7 /* AddPostFieldCell.swift in Sources */ = {isa = PBXBuildFile; fileRef = FCDEF5EC2BACABAA00EE57B7 /* AddPostFieldCell.swift */; };
		FCDEF5F22BAD63ED00EE57B7 /* SettingsView.swift in Sources */ = {isa = PBXBuildFile; fileRef = FCDEF5F12BAD63ED00EE57B7 /* SettingsView.swift */; };
		FCDEF5F42BAD644B00EE57B7 /* SettingsPresenter.swift in Sources */ = {isa = PBXBuildFile; fileRef = FCDEF5F32BAD644B00EE57B7 /* SettingsPresenter.swift */; };
		FCDEF5F72BAD6D2800EE57B7 /* SettigItems.swift in Sources */ = {isa = PBXBuildFile; fileRef = FCDEF5F62BAD6D2800EE57B7 /* SettigItems.swift */; };
		FCDEF5F92BAD6FCB00EE57B7 /* SettingsCell.swift in Sources */ = {isa = PBXBuildFile; fileRef = FCDEF5F82BAD6FCB00EE57B7 /* SettingsCell.swift */; };
		FCFAE7A02BA6C69F005C8A9B /* DetailsView.swift in Sources */ = {isa = PBXBuildFile; fileRef = FCFAE79F2BA6C69F005C8A9B /* DetailsView.swift */; };
		FCFAE7A42BA6C764005C8A9B /* DetailsPresenter.swift in Sources */ = {isa = PBXBuildFile; fileRef = FCFAE7A32BA6C764005C8A9B /* DetailsPresenter.swift */; };
		FCFAE7A62BA85558005C8A9B /* NavigationHeader.swift in Sources */ = {isa = PBXBuildFile; fileRef = FCFAE7A52BA85558005C8A9B /* NavigationHeader.swift */; };
/* End PBXBuildFile section */

/* Begin PBXFileReference section */
		FC3FCFBD2B9CC4A90020B3F3 /* MainPostCell.swift */ = {isa = PBXFileReference; lastKnownFileType = sourcecode.swift; path = MainPostCell.swift; sourceTree = "<group>"; };
		FC3FCFBF2B9CC5090020B3F3 /* MainPostHeader.swift */ = {isa = PBXFileReference; lastKnownFileType = sourcecode.swift; path = MainPostHeader.swift; sourceTree = "<group>"; };
		FC3FCFC12B9CC7770020B3F3 /* PostItem1.swift */ = {isa = PBXFileReference; lastKnownFileType = sourcecode.swift; path = PostItem1.swift; sourceTree = "<group>"; };
		FC3FCFC32B9CD7DF0020B3F3 /* Date + Ext.swift */ = {isa = PBXFileReference; lastKnownFileType = sourcecode.swift; path = "Date + Ext.swift"; sourceTree = "<group>"; };
		FC3FCFC52B9DBD4F0020B3F3 /* UIApplication + Ext.swift */ = {isa = PBXFileReference; lastKnownFileType = sourcecode.swift; path = "UIApplication + Ext.swift"; sourceTree = "<group>"; };
		FC3FCFC82B9DDE940020B3F3 /* TagCollectionView.swift */ = {isa = PBXFileReference; lastKnownFileType = sourcecode.swift; path = TagCollectionView.swift; sourceTree = "<group>"; };
		FC3FCFCA2B9DE3180020B3F3 /* TagCollectionVCell.swift */ = {isa = PBXFileReference; lastKnownFileType = sourcecode.swift; path = TagCollectionVCell.swift; sourceTree = "<group>"; };
		FC3FCFD22BA5DD6E0020B3F3 /* FavoritePresenter.swift */ = {isa = PBXFileReference; lastKnownFileType = sourcecode.swift; path = FavoritePresenter.swift; sourceTree = "<group>"; };
		FC3FCFD42BA5F35A0020B3F3 /* FavoriteCell.swift */ = {isa = PBXFileReference; lastKnownFileType = sourcecode.swift; path = FavoriteCell.swift; sourceTree = "<group>"; };
		FC54F6342BEF9ECA00918D70 /* instaDiary.xcdatamodel */ = {isa = PBXFileReference; lastKnownFileType = wrapper.xcdatamodel; path = instaDiary.xcdatamodel; sourceTree = "<group>"; };
		FC64D52B2B99C09100FF0E36 /* KeychainManager.swift */ = {isa = PBXFileReference; lastKnownFileType = sourcecode.swift; path = KeychainManager.swift; sourceTree = "<group>"; };
		FC64D5302B99EB4A00FF0E36 /* StringProtocol + Ext.swift */ = {isa = PBXFileReference; lastKnownFileType = sourcecode.swift; path = "StringProtocol + Ext.swift"; sourceTree = "<group>"; };
		FC68228C2B94979D00562C78 /* instaDiary.app */ = {isa = PBXFileReference; explicitFileType = wrapper.application; includeInIndex = 0; path = instaDiary.app; sourceTree = BUILT_PRODUCTS_DIR; };
		FC68228F2B94979D00562C78 /* AppDelegate.swift */ = {isa = PBXFileReference; lastKnownFileType = sourcecode.swift; path = AppDelegate.swift; sourceTree = "<group>"; };
		FC6822912B94979D00562C78 /* SceneDelegate.swift */ = {isa = PBXFileReference; lastKnownFileType = sourcecode.swift; path = SceneDelegate.swift; sourceTree = "<group>"; };
		FC6822932B94979D00562C78 /* PasscodeView.swift */ = {isa = PBXFileReference; lastKnownFileType = sourcecode.swift; path = PasscodeView.swift; sourceTree = "<group>"; };
		FC6822982B94979E00562C78 /* Assets.xcassets */ = {isa = PBXFileReference; lastKnownFileType = folder.assetcatalog; path = Assets.xcassets; sourceTree = "<group>"; };
		FC68229B2B94979E00562C78 /* Base */ = {isa = PBXFileReference; lastKnownFileType = file.storyboard; name = Base; path = Base.lproj/LaunchScreen.storyboard; sourceTree = "<group>"; };
		FC68229D2B94979E00562C78 /* Info.plist */ = {isa = PBXFileReference; lastKnownFileType = text.plist.xml; path = Info.plist; sourceTree = "<group>"; };
		FC6822A82B9498A700562C78 /* Builder.swift */ = {isa = PBXFileReference; lastKnownFileType = sourcecode.swift; path = Builder.swift; sourceTree = "<group>"; };
		FC6822AB2B949C1D00562C78 /* PasscodePresenter.swift */ = {isa = PBXFileReference; lastKnownFileType = sourcecode.swift; path = PasscodePresenter.swift; sourceTree = "<group>"; };
		FC6822AE2B94A61F00562C78 /* UIView + ext.swift */ = {isa = PBXFileReference; lastKnownFileType = sourcecode.swift; path = "UIView + ext.swift"; sourceTree = "<group>"; };
		FC9BBF342B9B3EB5002C3EAA /* MainScreenView.swift */ = {isa = PBXFileReference; lastKnownFileType = sourcecode.swift; path = MainScreenView.swift; sourceTree = "<group>"; };
		FC9BBF362B9B3F01002C3EAA /* FavoriteView.swift */ = {isa = PBXFileReference; lastKnownFileType = sourcecode.swift; path = FavoriteView.swift; sourceTree = "<group>"; };
		FC9BBF382B9B3F50002C3EAA /* CameraView.swift */ = {isa = PBXFileReference; lastKnownFileType = sourcecode.swift; path = CameraView.swift; sourceTree = "<group>"; };
		FC9BBF3A2B9B4227002C3EAA /* TabBarView.swift */ = {isa = PBXFileReference; lastKnownFileType = sourcecode.swift; path = TabBarView.swift; sourceTree = "<group>"; };
		FC9BBF3C2B9B4689002C3EAA /* TabBarPresenter.swift */ = {isa = PBXFileReference; lastKnownFileType = sourcecode.swift; path = TabBarPresenter.swift; sourceTree = "<group>"; };
		FC9BBF3E2B9B4E96002C3EAA /* MainScreenPresenter.swift */ = {isa = PBXFileReference; lastKnownFileType = sourcecode.swift; path = MainScreenPresenter.swift; sourceTree = "<group>"; };
		FCDEF5C52BA9874000EE57B7 /* DetailsPhotoCell.swift */ = {isa = PBXFileReference; lastKnownFileType = sourcecode.swift; path = DetailsPhotoCell.swift; sourceTree = "<group>"; };
		FCDEF5C72BA98B9E00EE57B7 /* DetailDescriptionCell.swift */ = {isa = PBXFileReference; lastKnownFileType = sourcecode.swift; path = DetailDescriptionCell.swift; sourceTree = "<group>"; };
		FCDEF5C92BA9955500EE57B7 /* DetailsAddCommentCell.swift */ = {isa = PBXFileReference; lastKnownFileType = sourcecode.swift; path = DetailsAddCommentCell.swift; sourceTree = "<group>"; };
		FCDEF5CB2BA9969800EE57B7 /* UITextField + ext.swift */ = {isa = PBXFileReference; lastKnownFileType = sourcecode.swift; path = "UITextField + ext.swift"; sourceTree = "<group>"; };
		FCDEF5CD2BA99DB600EE57B7 /* DetailsMapCell.swift */ = {isa = PBXFileReference; lastKnownFileType = sourcecode.swift; path = DetailsMapCell.swift; sourceTree = "<group>"; };
		FCDEF5D22BAAA92400EE57B7 /* PhotoView.swift */ = {isa = PBXFileReference; lastKnownFileType = sourcecode.swift; path = PhotoView.swift; sourceTree = "<group>"; };
		FCDEF5D42BAAB3B000EE57B7 /* PhotoViewPresenter.swift */ = {isa = PBXFileReference; lastKnownFileType = sourcecode.swift; path = PhotoViewPresenter.swift; sourceTree = "<group>"; };
		FCDEF5D62BAAF0E400EE57B7 /* NSNotification.Name.ext.swift */ = {isa = PBXFileReference; lastKnownFileType = sourcecode.swift; path = NSNotification.Name.ext.swift; sourceTree = "<group>"; };
		FCDEF5D82BAB637700EE57B7 /* CameraViewPresenter.swift */ = {isa = PBXFileReference; lastKnownFileType = sourcecode.swift; path = CameraViewPresenter.swift; sourceTree = "<group>"; };
		FCDEF5DB2BABFEEE00EE57B7 /* CameraService.swift */ = {isa = PBXFileReference; lastKnownFileType = sourcecode.swift; path = CameraService.swift; sourceTree = "<group>"; };
		FCDEF5DD2BAC3B2F00EE57B7 /* UIImageView + ext.swift */ = {isa = PBXFileReference; lastKnownFileType = sourcecode.swift; path = "UIImageView + ext.swift"; sourceTree = "<group>"; };
		FCDEF5E32BAC5CC400EE57B7 /* AddPostView.swift */ = {isa = PBXFileReference; lastKnownFileType = sourcecode.swift; path = AddPostView.swift; sourceTree = "<group>"; };
		FCDEF5E52BAC5D7400EE57B7 /* AddPostPresenter.swift */ = {isa = PBXFileReference; lastKnownFileType = sourcecode.swift; path = AddPostPresenter.swift; sourceTree = "<group>"; };
		FCDEF5E82BAC785F00EE57B7 /* AddPostPhotoCell.swift */ = {isa = PBXFileReference; lastKnownFileType = sourcecode.swift; path = AddPostPhotoCell.swift; sourceTree = "<group>"; };
		FCDEF5EA2BAC876D00EE57B7 /* AddPostTagCell.swift */ = {isa = PBXFileReference; lastKnownFileType = sourcecode.swift; path = AddPostTagCell.swift; sourceTree = "<group>"; };
		FCDEF5EC2BACABAA00EE57B7 /* AddPostFieldCell.swift */ = {isa = PBXFileReference; lastKnownFileType = sourcecode.swift; path = AddPostFieldCell.swift; sourceTree = "<group>"; };
		FCDEF5F12BAD63ED00EE57B7 /* SettingsView.swift */ = {isa = PBXFileReference; lastKnownFileType = sourcecode.swift; path = SettingsView.swift; sourceTree = "<group>"; };
		FCDEF5F32BAD644B00EE57B7 /* SettingsPresenter.swift */ = {isa = PBXFileReference; lastKnownFileType = sourcecode.swift; path = SettingsPresenter.swift; sourceTree = "<group>"; };
		FCDEF5F62BAD6D2800EE57B7 /* SettigItems.swift */ = {isa = PBXFileReference; lastKnownFileType = sourcecode.swift; path = SettigItems.swift; sourceTree = "<group>"; };
		FCDEF5F82BAD6FCB00EE57B7 /* SettingsCell.swift */ = {isa = PBXFileReference; lastKnownFileType = sourcecode.swift; path = SettingsCell.swift; sourceTree = "<group>"; };
		FCFAE79F2BA6C69F005C8A9B /* DetailsView.swift */ = {isa = PBXFileReference; lastKnownFileType = sourcecode.swift; path = DetailsView.swift; sourceTree = "<group>"; };
		FCFAE7A32BA6C764005C8A9B /* DetailsPresenter.swift */ = {isa = PBXFileReference; lastKnownFileType = sourcecode.swift; path = DetailsPresenter.swift; sourceTree = "<group>"; };
		FCFAE7A52BA85558005C8A9B /* NavigationHeader.swift */ = {isa = PBXFileReference; lastKnownFileType = sourcecode.swift; path = NavigationHeader.swift; sourceTree = "<group>"; };
/* End PBXFileReference section */

/* Begin PBXFrameworksBuildPhase section */
		FC6822892B94979D00562C78 /* Frameworks */ = {
			isa = PBXFrameworksBuildPhase;
			buildActionMask = 2147483647;
			files = (
				FC64D52F2B99CF0900FF0E36 /* KeychainAccess in Frameworks */,
			);
			runOnlyForDeploymentPostprocessing = 0;
		};
/* End PBXFrameworksBuildPhase section */

/* Begin PBXGroup section */
		FC3FCFC72B9DDE7F0020B3F3 /* Helpers */ = {
			isa = PBXGroup;
			children = (
				FCFAE7A72BA8555F005C8A9B /* Navigation */,
				FC3FCFC82B9DDE940020B3F3 /* TagCollectionView.swift */,
				FC3FCFCA2B9DE3180020B3F3 /* TagCollectionVCell.swift */,
			);
			path = Helpers;
			sourceTree = "<group>";
		};
		FC3FCFD02BA5DD0E0020B3F3 /* View */ = {
			isa = PBXGroup;
			children = (
				FC9BBF362B9B3F01002C3EAA /* FavoriteView.swift */,
				FC3FCFD42BA5F35A0020B3F3 /* FavoriteCell.swift */,
			);
			path = View;
			sourceTree = "<group>";
		};
		FC3FCFD12BA5DD530020B3F3 /* Presenter */ = {
			isa = PBXGroup;
			children = (
				FC3FCFD22BA5DD6E0020B3F3 /* FavoritePresenter.swift */,
			);
			path = Presenter;
			sourceTree = "<group>";
		};
		FC54F6322BEF9E8700918D70 /* StorageManager */ = {
			isa = PBXGroup;
			children = (
				FC54F6332BEF9ECA00918D70 /* instaDiary.xcdatamodeld */,
			);
			path = StorageManager;
			sourceTree = "<group>";
		};
		FC6822832B94979D00562C78 = {
			isa = PBXGroup;
			children = (
				FC68228E2B94979D00562C78 /* instaDiary */,
				FC68228D2B94979D00562C78 /* Products */,
			);
			sourceTree = "<group>";
		};
		FC68228D2B94979D00562C78 /* Products */ = {
			isa = PBXGroup;
			children = (
				FC68228C2B94979D00562C78 /* instaDiary.app */,
			);
			name = Products;
			sourceTree = "<group>";
		};
		FC68228E2B94979D00562C78 /* instaDiary */ = {
			isa = PBXGroup;
			children = (
				FC54F6322BEF9E8700918D70 /* StorageManager */,
				FC3FCFC72B9DDE7F0020B3F3 /* Helpers */,
				FC6822AD2B94A60300562C78 /* Extension */,
				FC6822AA2B9499DE00562C78 /* Common */,
				FC6822A82B9498A700562C78 /* Builder.swift */,
				FC64D52B2B99C09100FF0E36 /* KeychainManager.swift */,
				FC6822A62B94987F00562C78 /* Moduls */,
				FC6822982B94979E00562C78 /* Assets.xcassets */,
				FC68229A2B94979E00562C78 /* LaunchScreen.storyboard */,
				FC68229D2B94979E00562C78 /* Info.plist */,
			);
			path = instaDiary;
			sourceTree = "<group>";
		};
		FC6822A32B9497D300562C78 /* PasscodeModule */ = {
			isa = PBXGroup;
			children = (
				FC6822A52B94981D00562C78 /* Presenter */,
				FC6822A42B9497E600562C78 /* View */,
			);
			path = PasscodeModule;
			sourceTree = "<group>";
		};
		FC6822A42B9497E600562C78 /* View */ = {
			isa = PBXGroup;
			children = (
				FC6822932B94979D00562C78 /* PasscodeView.swift */,
			);
			path = View;
			sourceTree = "<group>";
		};
		FC6822A52B94981D00562C78 /* Presenter */ = {
			isa = PBXGroup;
			children = (
				FC6822AB2B949C1D00562C78 /* PasscodePresenter.swift */,
			);
			path = Presenter;
			sourceTree = "<group>";
		};
		FC6822A62B94987F00562C78 /* Moduls */ = {
			isa = PBXGroup;
			children = (
				FCDEF5EE2BAD635B00EE57B7 /* SettingsModule */,
				FCDEF5DF2BAC5C7400EE57B7 /* AddPost */,
				FCDEF5CF2BAAA81100EE57B7 /* PhotoViewModule */,
				FCFAE79E2BA6C67F005C8A9B /* DetailsModule */,
				FC9BBF332B9B39F5002C3EAA /* CameraModule */,
				FC9BBF322B9B39E4002C3EAA /* FavoriteModule */,
				FC9BBF2E2B9B3951002C3EAA /* MainScreenModule */,
				FC6822A72B94988F00562C78 /* TabBarModule */,
				FC6822A32B9497D300562C78 /* PasscodeModule */,
			);
			path = Moduls;
			sourceTree = "<group>";
		};
		FC6822A72B94988F00562C78 /* TabBarModule */ = {
			isa = PBXGroup;
			children = (
				FC9BBF2D2B9B3921002C3EAA /* Presenter */,
				FC9BBF2C2B9B3916002C3EAA /* View */,
			);
			path = TabBarModule;
			sourceTree = "<group>";
		};
		FC6822AA2B9499DE00562C78 /* Common */ = {
			isa = PBXGroup;
			children = (
				FC68228F2B94979D00562C78 /* AppDelegate.swift */,
				FC6822912B94979D00562C78 /* SceneDelegate.swift */,
			);
			path = Common;
			sourceTree = "<group>";
		};
		FC6822AD2B94A60300562C78 /* Extension */ = {
			isa = PBXGroup;
			children = (
				FC6822AE2B94A61F00562C78 /* UIView + ext.swift */,
				FC64D5302B99EB4A00FF0E36 /* StringProtocol + Ext.swift */,
				FC3FCFC32B9CD7DF0020B3F3 /* Date + Ext.swift */,
				FC3FCFC52B9DBD4F0020B3F3 /* UIApplication + Ext.swift */,
				FCDEF5CB2BA9969800EE57B7 /* UITextField + ext.swift */,
				FCDEF5DD2BAC3B2F00EE57B7 /* UIImageView + ext.swift */,
				FCDEF5D62BAAF0E400EE57B7 /* NSNotification.Name.ext.swift */,
			);
			path = Extension;
			sourceTree = "<group>";
		};
		FC9BBF2C2B9B3916002C3EAA /* View */ = {
			isa = PBXGroup;
			children = (
				FC9BBF3A2B9B4227002C3EAA /* TabBarView.swift */,
			);
			path = View;
			sourceTree = "<group>";
		};
		FC9BBF2D2B9B3921002C3EAA /* Presenter */ = {
			isa = PBXGroup;
			children = (
				FC9BBF3C2B9B4689002C3EAA /* TabBarPresenter.swift */,
			);
			path = Presenter;
			sourceTree = "<group>";
		};
		FC9BBF2E2B9B3951002C3EAA /* MainScreenModule */ = {
			isa = PBXGroup;
			children = (
				FC9BBF312B9B3981002C3EAA /* Presenter */,
				FC9BBF302B9B397C002C3EAA /* View */,
				FC9BBF2F2B9B3976002C3EAA /* Model */,
			);
			path = MainScreenModule;
			sourceTree = "<group>";
		};
		FC9BBF2F2B9B3976002C3EAA /* Model */ = {
			isa = PBXGroup;
			children = (
				FC3FCFC12B9CC7770020B3F3 /* PostItem1.swift */,
			);
			path = Model;
			sourceTree = "<group>";
		};
		FC9BBF302B9B397C002C3EAA /* View */ = {
			isa = PBXGroup;
			children = (
				FC9BBF342B9B3EB5002C3EAA /* MainScreenView.swift */,
				FC3FCFBD2B9CC4A90020B3F3 /* MainPostCell.swift */,
				FC3FCFBF2B9CC5090020B3F3 /* MainPostHeader.swift */,
			);
			path = View;
			sourceTree = "<group>";
		};
		FC9BBF312B9B3981002C3EAA /* Presenter */ = {
			isa = PBXGroup;
			children = (
				FC9BBF3E2B9B4E96002C3EAA /* MainScreenPresenter.swift */,
			);
			path = Presenter;
			sourceTree = "<group>";
		};
		FC9BBF322B9B39E4002C3EAA /* FavoriteModule */ = {
			isa = PBXGroup;
			children = (
				FC3FCFD12BA5DD530020B3F3 /* Presenter */,
				FC3FCFD02BA5DD0E0020B3F3 /* View */,
			);
			path = FavoriteModule;
			sourceTree = "<group>";
		};
		FC9BBF332B9B39F5002C3EAA /* CameraModule */ = {
			isa = PBXGroup;
			children = (
				FCDEF5DA2BABFEDB00EE57B7 /* CameraService */,
				FC9BBF382B9B3F50002C3EAA /* CameraView.swift */,
				FCDEF5D82BAB637700EE57B7 /* CameraViewPresenter.swift */,
			);
			path = CameraModule;
			sourceTree = "<group>";
		};
		FCDEF5C42BA986F900EE57B7 /* Cells */ = {
			isa = PBXGroup;
			children = (
				FCDEF5C52BA9874000EE57B7 /* DetailsPhotoCell.swift */,
				FCDEF5C72BA98B9E00EE57B7 /* DetailDescriptionCell.swift */,
				FCDEF5C92BA9955500EE57B7 /* DetailsAddCommentCell.swift */,
				FCDEF5CD2BA99DB600EE57B7 /* DetailsMapCell.swift */,
			);
			path = Cells;
			sourceTree = "<group>";
		};
		FCDEF5CF2BAAA81100EE57B7 /* PhotoViewModule */ = {
			isa = PBXGroup;
			children = (
				FCDEF5D12BAAA89800EE57B7 /* View */,
				FCDEF5D02BAAA89100EE57B7 /* Presenter */,
			);
			path = PhotoViewModule;
			sourceTree = "<group>";
		};
		FCDEF5D02BAAA89100EE57B7 /* Presenter */ = {
			isa = PBXGroup;
			children = (
				FCDEF5D42BAAB3B000EE57B7 /* PhotoViewPresenter.swift */,
			);
			path = Presenter;
			sourceTree = "<group>";
		};
		FCDEF5D12BAAA89800EE57B7 /* View */ = {
			isa = PBXGroup;
			children = (
				FCDEF5D22BAAA92400EE57B7 /* PhotoView.swift */,
			);
			path = View;
			sourceTree = "<group>";
		};
		FCDEF5DA2BABFEDB00EE57B7 /* CameraService */ = {
			isa = PBXGroup;
			children = (
				FCDEF5DB2BABFEEE00EE57B7 /* CameraService.swift */,
			);
			path = CameraService;
			sourceTree = "<group>";
		};
		FCDEF5DF2BAC5C7400EE57B7 /* AddPost */ = {
			isa = PBXGroup;
			children = (
				FCDEF5E22BAC5CB100EE57B7 /* Model */,
				FCDEF5E12BAC5CA900EE57B7 /* Presenter */,
				FCDEF5E02BAC5CA100EE57B7 /* View */,
			);
			path = AddPost;
			sourceTree = "<group>";
		};
		FCDEF5E02BAC5CA100EE57B7 /* View */ = {
			isa = PBXGroup;
			children = (
				FCDEF5E72BAC781400EE57B7 /* Cells */,
				FCDEF5E32BAC5CC400EE57B7 /* AddPostView.swift */,
			);
			path = View;
			sourceTree = "<group>";
		};
		FCDEF5E12BAC5CA900EE57B7 /* Presenter */ = {
			isa = PBXGroup;
			children = (
				FCDEF5E52BAC5D7400EE57B7 /* AddPostPresenter.swift */,
			);
			path = Presenter;
			sourceTree = "<group>";
		};
		FCDEF5E22BAC5CB100EE57B7 /* Model */ = {
			isa = PBXGroup;
			children = (
			);
			path = Model;
			sourceTree = "<group>";
		};
		FCDEF5E72BAC781400EE57B7 /* Cells */ = {
			isa = PBXGroup;
			children = (
				FCDEF5E82BAC785F00EE57B7 /* AddPostPhotoCell.swift */,
				FCDEF5EA2BAC876D00EE57B7 /* AddPostTagCell.swift */,
				FCDEF5EC2BACABAA00EE57B7 /* AddPostFieldCell.swift */,
			);
			path = Cells;
			sourceTree = "<group>";
		};
		FCDEF5EE2BAD635B00EE57B7 /* SettingsModule */ = {
			isa = PBXGroup;
			children = (
				FCDEF5F52BAD6D1800EE57B7 /* Model */,
				FCDEF5EF2BAD636B00EE57B7 /* Presenter */,
				FCDEF5F02BAD637300EE57B7 /* View */,
			);
			path = SettingsModule;
			sourceTree = "<group>";
		};
		FCDEF5EF2BAD636B00EE57B7 /* Presenter */ = {
			isa = PBXGroup;
			children = (
				FCDEF5F32BAD644B00EE57B7 /* SettingsPresenter.swift */,
			);
			path = Presenter;
			sourceTree = "<group>";
		};
		FCDEF5F02BAD637300EE57B7 /* View */ = {
			isa = PBXGroup;
			children = (
				FCDEF5F12BAD63ED00EE57B7 /* SettingsView.swift */,
				FCDEF5F82BAD6FCB00EE57B7 /* SettingsCell.swift */,
			);
			path = View;
			sourceTree = "<group>";
		};
		FCDEF5F52BAD6D1800EE57B7 /* Model */ = {
			isa = PBXGroup;
			children = (
				FCDEF5F62BAD6D2800EE57B7 /* SettigItems.swift */,
			);
			path = Model;
			sourceTree = "<group>";
		};
		FCFAE79E2BA6C67F005C8A9B /* DetailsModule */ = {
			isa = PBXGroup;
			children = (
				FCFAE7A22BA6C6AC005C8A9B /* Presenter */,
				FCFAE7A12BA6C6A4005C8A9B /* View */,
			);
			path = DetailsModule;
			sourceTree = "<group>";
		};
		FCFAE7A12BA6C6A4005C8A9B /* View */ = {
			isa = PBXGroup;
			children = (
				FCFAE79F2BA6C69F005C8A9B /* DetailsView.swift */,
				FCDEF5C42BA986F900EE57B7 /* Cells */,
			);
			path = View;
			sourceTree = "<group>";
		};
		FCFAE7A22BA6C6AC005C8A9B /* Presenter */ = {
			isa = PBXGroup;
			children = (
				FCFAE7A32BA6C764005C8A9B /* DetailsPresenter.swift */,
			);
			path = Presenter;
			sourceTree = "<group>";
		};
		FCFAE7A72BA8555F005C8A9B /* Navigation */ = {
			isa = PBXGroup;
			children = (
				FCFAE7A52BA85558005C8A9B /* NavigationHeader.swift */,
			);
			path = Navigation;
			sourceTree = "<group>";
		};
/* End PBXGroup section */

/* Begin PBXNativeTarget section */
		FC68228B2B94979D00562C78 /* instaDiary */ = {
			isa = PBXNativeTarget;
			buildConfigurationList = FC6822A02B94979E00562C78 /* Build configuration list for PBXNativeTarget "instaDiary" */;
			buildPhases = (
				FC6822882B94979D00562C78 /* Sources */,
				FC6822892B94979D00562C78 /* Frameworks */,
				FC68228A2B94979D00562C78 /* Resources */,
			);
			buildRules = (
			);
			dependencies = (
			);
			name = instaDiary;
			packageProductDependencies = (
				FC64D52E2B99CF0900FF0E36 /* KeychainAccess */,
			);
			productName = instaDiary;
			productReference = FC68228C2B94979D00562C78 /* instaDiary.app */;
			productType = "com.apple.product-type.application";
		};
/* End PBXNativeTarget section */

/* Begin PBXProject section */
		FC6822842B94979D00562C78 /* Project object */ = {
			isa = PBXProject;
			attributes = {
				BuildIndependentTargetsInParallel = 1;
				LastSwiftUpdateCheck = 1500;
				LastUpgradeCheck = 1500;
				TargetAttributes = {
					FC68228B2B94979D00562C78 = {
						CreatedOnToolsVersion = 15.0.1;
					};
				};
			};
			buildConfigurationList = FC6822872B94979D00562C78 /* Build configuration list for PBXProject "instaDiary" */;
			compatibilityVersion = "Xcode 14.0";
			developmentRegion = en;
			hasScannedForEncodings = 0;
			knownRegions = (
				en,
				Base,
			);
			mainGroup = FC6822832B94979D00562C78;
			packageReferences = (
				FC64D52D2B99CF0900FF0E36 /* XCRemoteSwiftPackageReference "KeychainAccess" */,
			);
			productRefGroup = FC68228D2B94979D00562C78 /* Products */;
			projectDirPath = "";
			projectRoot = "";
			targets = (
				FC68228B2B94979D00562C78 /* instaDiary */,
			);
		};
/* End PBXProject section */

/* Begin PBXResourcesBuildPhase section */
		FC68228A2B94979D00562C78 /* Resources */ = {
			isa = PBXResourcesBuildPhase;
			buildActionMask = 2147483647;
			files = (
				FC68229C2B94979E00562C78 /* LaunchScreen.storyboard in Resources */,
				FC6822992B94979E00562C78 /* Assets.xcassets in Resources */,
			);
			runOnlyForDeploymentPostprocessing = 0;
		};
/* End PBXResourcesBuildPhase section */

/* Begin PBXSourcesBuildPhase section */
		FC6822882B94979D00562C78 /* Sources */ = {
			isa = PBXSourcesBuildPhase;
			buildActionMask = 2147483647;
			files = (
				FCDEF5F92BAD6FCB00EE57B7 /* SettingsCell.swift in Sources */,
				FC6822942B94979D00562C78 /* PasscodeView.swift in Sources */,
				FCDEF5F72BAD6D2800EE57B7 /* SettigItems.swift in Sources */,
				FCDEF5CE2BA99DB600EE57B7 /* DetailsMapCell.swift in Sources */,
				FC9BBF3D2B9B4689002C3EAA /* TabBarPresenter.swift in Sources */,
				FCDEF5C62BA9874000EE57B7 /* DetailsPhotoCell.swift in Sources */,
				FCDEF5E42BAC5CC400EE57B7 /* AddPostView.swift in Sources */,
				FCDEF5CA2BA9955500EE57B7 /* DetailsAddCommentCell.swift in Sources */,
				FC3FCFC22B9CC7770020B3F3 /* PostItem1.swift in Sources */,
				FCDEF5F42BAD644B00EE57B7 /* SettingsPresenter.swift in Sources */,
				FCDEF5D52BAAB3B000EE57B7 /* PhotoViewPresenter.swift in Sources */,
				FC6822902B94979D00562C78 /* AppDelegate.swift in Sources */,
				FCDEF5DC2BABFEEE00EE57B7 /* CameraService.swift in Sources */,
				FCDEF5E92BAC785F00EE57B7 /* AddPostPhotoCell.swift in Sources */,
				FC3FCFC02B9CC5090020B3F3 /* MainPostHeader.swift in Sources */,
				FCDEF5F22BAD63ED00EE57B7 /* SettingsView.swift in Sources */,
				FCFAE7A02BA6C69F005C8A9B /* DetailsView.swift in Sources */,
				FC64D5312B99EB4A00FF0E36 /* StringProtocol + Ext.swift in Sources */,
				FCDEF5E62BAC5D7400EE57B7 /* AddPostPresenter.swift in Sources */,
				FCFAE7A42BA6C764005C8A9B /* DetailsPresenter.swift in Sources */,
				FC64D52C2B99C09100FF0E36 /* KeychainManager.swift in Sources */,
				FCDEF5DE2BAC3B2F00EE57B7 /* UIImageView + ext.swift in Sources */,
				FCDEF5CC2BA9969800EE57B7 /* UITextField + ext.swift in Sources */,
				FCDEF5D72BAAF0E400EE57B7 /* NSNotification.Name.ext.swift in Sources */,
				FC3FCFC42B9CD7DF0020B3F3 /* Date + Ext.swift in Sources */,
				FC9BBF352B9B3EB5002C3EAA /* MainScreenView.swift in Sources */,
				FCDEF5ED2BACABAA00EE57B7 /* AddPostFieldCell.swift in Sources */,
				FCDEF5D32BAAA92400EE57B7 /* PhotoView.swift in Sources */,
				FC6822922B94979D00562C78 /* SceneDelegate.swift in Sources */,
				FC6822A92B9498A700562C78 /* Builder.swift in Sources */,
				FC54F6352BEF9ECA00918D70 /* instaDiary.xcdatamodeld in Sources */,
				FC9BBF392B9B3F50002C3EAA /* CameraView.swift in Sources */,
				FCDEF5EB2BAC876D00EE57B7 /* AddPostTagCell.swift in Sources */,
				FC3FCFC62B9DBD4F0020B3F3 /* UIApplication + Ext.swift in Sources */,
				FC9BBF3F2B9B4E96002C3EAA /* MainScreenPresenter.swift in Sources */,
				FC3FCFCB2B9DE3180020B3F3 /* TagCollectionVCell.swift in Sources */,
				FC6822AF2B94A61F00562C78 /* UIView + ext.swift in Sources */,
				FC9BBF372B9B3F01002C3EAA /* FavoriteView.swift in Sources */,
				FC9BBF3B2B9B4227002C3EAA /* TabBarView.swift in Sources */,
				FC3FCFC92B9DDE940020B3F3 /* TagCollectionView.swift in Sources */,
				FC3FCFBE2B9CC4A90020B3F3 /* MainPostCell.swift in Sources */,
				FCFAE7A62BA85558005C8A9B /* NavigationHeader.swift in Sources */,
				FC3FCFD32BA5DD6E0020B3F3 /* FavoritePresenter.swift in Sources */,
				FCDEF5C82BA98B9E00EE57B7 /* DetailDescriptionCell.swift in Sources */,
				FC3FCFD52BA5F35A0020B3F3 /* FavoriteCell.swift in Sources */,
				FC6822AC2B949C1D00562C78 /* PasscodePresenter.swift in Sources */,
				FCDEF5D92BAB637700EE57B7 /* CameraViewPresenter.swift in Sources */,
			);
			runOnlyForDeploymentPostprocessing = 0;
		};
/* End PBXSourcesBuildPhase section */

/* Begin PBXVariantGroup section */
		FC68229A2B94979E00562C78 /* LaunchScreen.storyboard */ = {
			isa = PBXVariantGroup;
			children = (
				FC68229B2B94979E00562C78 /* Base */,
			);
			name = LaunchScreen.storyboard;
			sourceTree = "<group>";
		};
/* End PBXVariantGroup section */

/* Begin XCBuildConfiguration section */
		FC68229E2B94979E00562C78 /* Debug */ = {
			isa = XCBuildConfiguration;
			buildSettings = {
				ALWAYS_SEARCH_USER_PATHS = NO;
				ASSETCATALOG_COMPILER_GENERATE_SWIFT_ASSET_SYMBOL_EXTENSIONS = YES;
				CLANG_ANALYZER_NONNULL = YES;
				CLANG_ANALYZER_NUMBER_OBJECT_CONVERSION = YES_AGGRESSIVE;
				CLANG_CXX_LANGUAGE_STANDARD = "gnu++20";
				CLANG_ENABLE_MODULES = YES;
				CLANG_ENABLE_OBJC_ARC = YES;
				CLANG_ENABLE_OBJC_WEAK = YES;
				CLANG_WARN_BLOCK_CAPTURE_AUTORELEASING = YES;
				CLANG_WARN_BOOL_CONVERSION = YES;
				CLANG_WARN_COMMA = YES;
				CLANG_WARN_CONSTANT_CONVERSION = YES;
				CLANG_WARN_DEPRECATED_OBJC_IMPLEMENTATIONS = YES;
				CLANG_WARN_DIRECT_OBJC_ISA_USAGE = YES_ERROR;
				CLANG_WARN_DOCUMENTATION_COMMENTS = YES;
				CLANG_WARN_EMPTY_BODY = YES;
				CLANG_WARN_ENUM_CONVERSION = YES;
				CLANG_WARN_INFINITE_RECURSION = YES;
				CLANG_WARN_INT_CONVERSION = YES;
				CLANG_WARN_NON_LITERAL_NULL_CONVERSION = YES;
				CLANG_WARN_OBJC_IMPLICIT_RETAIN_SELF = YES;
				CLANG_WARN_OBJC_LITERAL_CONVERSION = YES;
				CLANG_WARN_OBJC_ROOT_CLASS = YES_ERROR;
				CLANG_WARN_QUOTED_INCLUDE_IN_FRAMEWORK_HEADER = YES;
				CLANG_WARN_RANGE_LOOP_ANALYSIS = YES;
				CLANG_WARN_STRICT_PROTOTYPES = YES;
				CLANG_WARN_SUSPICIOUS_MOVE = YES;
				CLANG_WARN_UNGUARDED_AVAILABILITY = YES_AGGRESSIVE;
				CLANG_WARN_UNREACHABLE_CODE = YES;
				CLANG_WARN__DUPLICATE_METHOD_MATCH = YES;
				COPY_PHASE_STRIP = NO;
				DEBUG_INFORMATION_FORMAT = dwarf;
				ENABLE_STRICT_OBJC_MSGSEND = YES;
				ENABLE_TESTABILITY = YES;
				ENABLE_USER_SCRIPT_SANDBOXING = YES;
				GCC_C_LANGUAGE_STANDARD = gnu17;
				GCC_DYNAMIC_NO_PIC = NO;
				GCC_NO_COMMON_BLOCKS = YES;
				GCC_OPTIMIZATION_LEVEL = 0;
				GCC_PREPROCESSOR_DEFINITIONS = (
					"DEBUG=1",
					"$(inherited)",
				);
				GCC_WARN_64_TO_32_BIT_CONVERSION = YES;
				GCC_WARN_ABOUT_RETURN_TYPE = YES_ERROR;
				GCC_WARN_UNDECLARED_SELECTOR = YES;
				GCC_WARN_UNINITIALIZED_AUTOS = YES_AGGRESSIVE;
				GCC_WARN_UNUSED_FUNCTION = YES;
				GCC_WARN_UNUSED_VARIABLE = YES;
				IPHONEOS_DEPLOYMENT_TARGET = 17.0;
				LOCALIZATION_PREFERS_STRING_CATALOGS = YES;
				MTL_ENABLE_DEBUG_INFO = INCLUDE_SOURCE;
				MTL_FAST_MATH = YES;
				ONLY_ACTIVE_ARCH = YES;
				SDKROOT = iphoneos;
				SWIFT_ACTIVE_COMPILATION_CONDITIONS = "DEBUG $(inherited)";
				SWIFT_OPTIMIZATION_LEVEL = "-Onone";
			};
			name = Debug;
		};
		FC68229F2B94979E00562C78 /* Release */ = {
			isa = XCBuildConfiguration;
			buildSettings = {
				ALWAYS_SEARCH_USER_PATHS = NO;
				ASSETCATALOG_COMPILER_GENERATE_SWIFT_ASSET_SYMBOL_EXTENSIONS = YES;
				CLANG_ANALYZER_NONNULL = YES;
				CLANG_ANALYZER_NUMBER_OBJECT_CONVERSION = YES_AGGRESSIVE;
				CLANG_CXX_LANGUAGE_STANDARD = "gnu++20";
				CLANG_ENABLE_MODULES = YES;
				CLANG_ENABLE_OBJC_ARC = YES;
				CLANG_ENABLE_OBJC_WEAK = YES;
				CLANG_WARN_BLOCK_CAPTURE_AUTORELEASING = YES;
				CLANG_WARN_BOOL_CONVERSION = YES;
				CLANG_WARN_COMMA = YES;
				CLANG_WARN_CONSTANT_CONVERSION = YES;
				CLANG_WARN_DEPRECATED_OBJC_IMPLEMENTATIONS = YES;
				CLANG_WARN_DIRECT_OBJC_ISA_USAGE = YES_ERROR;
				CLANG_WARN_DOCUMENTATION_COMMENTS = YES;
				CLANG_WARN_EMPTY_BODY = YES;
				CLANG_WARN_ENUM_CONVERSION = YES;
				CLANG_WARN_INFINITE_RECURSION = YES;
				CLANG_WARN_INT_CONVERSION = YES;
				CLANG_WARN_NON_LITERAL_NULL_CONVERSION = YES;
				CLANG_WARN_OBJC_IMPLICIT_RETAIN_SELF = YES;
				CLANG_WARN_OBJC_LITERAL_CONVERSION = YES;
				CLANG_WARN_OBJC_ROOT_CLASS = YES_ERROR;
				CLANG_WARN_QUOTED_INCLUDE_IN_FRAMEWORK_HEADER = YES;
				CLANG_WARN_RANGE_LOOP_ANALYSIS = YES;
				CLANG_WARN_STRICT_PROTOTYPES = YES;
				CLANG_WARN_SUSPICIOUS_MOVE = YES;
				CLANG_WARN_UNGUARDED_AVAILABILITY = YES_AGGRESSIVE;
				CLANG_WARN_UNREACHABLE_CODE = YES;
				CLANG_WARN__DUPLICATE_METHOD_MATCH = YES;
				COPY_PHASE_STRIP = NO;
				DEBUG_INFORMATION_FORMAT = "dwarf-with-dsym";
				ENABLE_NS_ASSERTIONS = NO;
				ENABLE_STRICT_OBJC_MSGSEND = YES;
				ENABLE_USER_SCRIPT_SANDBOXING = YES;
				GCC_C_LANGUAGE_STANDARD = gnu17;
				GCC_NO_COMMON_BLOCKS = YES;
				GCC_WARN_64_TO_32_BIT_CONVERSION = YES;
				GCC_WARN_ABOUT_RETURN_TYPE = YES_ERROR;
				GCC_WARN_UNDECLARED_SELECTOR = YES;
				GCC_WARN_UNINITIALIZED_AUTOS = YES_AGGRESSIVE;
				GCC_WARN_UNUSED_FUNCTION = YES;
				GCC_WARN_UNUSED_VARIABLE = YES;
				IPHONEOS_DEPLOYMENT_TARGET = 17.0;
				LOCALIZATION_PREFERS_STRING_CATALOGS = YES;
				MTL_ENABLE_DEBUG_INFO = NO;
				MTL_FAST_MATH = YES;
				SDKROOT = iphoneos;
				SWIFT_COMPILATION_MODE = wholemodule;
				VALIDATE_PRODUCT = YES;
			};
			name = Release;
		};
		FC6822A12B94979E00562C78 /* Debug */ = {
			isa = XCBuildConfiguration;
			buildSettings = {
				ASSETCATALOG_COMPILER_APPICON_NAME = AppIcon;
				ASSETCATALOG_COMPILER_GLOBAL_ACCENT_COLOR_NAME = AccentColor;
				CODE_SIGN_STYLE = Automatic;
				CURRENT_PROJECT_VERSION = 1;
				DEVELOPMENT_TEAM = 527U829H6E;
				GENERATE_INFOPLIST_FILE = YES;
				INFOPLIST_FILE = instaDiary/Info.plist;
				INFOPLIST_KEY_NSCameraUsageDescription = "Приложение может использовать вашу камеру";
				INFOPLIST_KEY_UIApplicationSupportsIndirectInputEvents = YES;
				INFOPLIST_KEY_UILaunchStoryboardName = LaunchScreen;
				INFOPLIST_KEY_UISupportedInterfaceOrientations = UIInterfaceOrientationPortrait;
				INFOPLIST_KEY_UISupportedInterfaceOrientations_iPad = "UIInterfaceOrientationLandscapeLeft UIInterfaceOrientationLandscapeRight UIInterfaceOrientationPortrait UIInterfaceOrientationPortraitUpsideDown";
				LD_RUNPATH_SEARCH_PATHS = (
					"$(inherited)",
					"@executable_path/Frameworks",
				);
				MARKETING_VERSION = 1.0;
				PRODUCT_BUNDLE_IDENTIFIER = AlexKolch.instaDiary;
				PRODUCT_NAME = "$(TARGET_NAME)";
				SUPPORTED_PLATFORMS = "iphoneos iphonesimulator";
				SUPPORTS_MACCATALYST = NO;
				SUPPORTS_MAC_DESIGNED_FOR_IPHONE_IPAD = NO;
				SWIFT_EMIT_LOC_STRINGS = YES;
				SWIFT_VERSION = 5.0;
				TARGETED_DEVICE_FAMILY = 1;
			};
			name = Debug;
		};
		FC6822A22B94979E00562C78 /* Release */ = {
			isa = XCBuildConfiguration;
			buildSettings = {
				ASSETCATALOG_COMPILER_APPICON_NAME = AppIcon;
				ASSETCATALOG_COMPILER_GLOBAL_ACCENT_COLOR_NAME = AccentColor;
				CODE_SIGN_STYLE = Automatic;
				CURRENT_PROJECT_VERSION = 1;
				DEVELOPMENT_TEAM = 527U829H6E;
				GENERATE_INFOPLIST_FILE = YES;
				INFOPLIST_FILE = instaDiary/Info.plist;
				INFOPLIST_KEY_NSCameraUsageDescription = "Приложение может использовать вашу камеру";
				INFOPLIST_KEY_UIApplicationSupportsIndirectInputEvents = YES;
				INFOPLIST_KEY_UILaunchStoryboardName = LaunchScreen;
				INFOPLIST_KEY_UISupportedInterfaceOrientations = UIInterfaceOrientationPortrait;
				INFOPLIST_KEY_UISupportedInterfaceOrientations_iPad = "UIInterfaceOrientationLandscapeLeft UIInterfaceOrientationLandscapeRight UIInterfaceOrientationPortrait UIInterfaceOrientationPortraitUpsideDown";
				LD_RUNPATH_SEARCH_PATHS = (
					"$(inherited)",
					"@executable_path/Frameworks",
				);
				MARKETING_VERSION = 1.0;
				PRODUCT_BUNDLE_IDENTIFIER = AlexKolch.instaDiary;
				PRODUCT_NAME = "$(TARGET_NAME)";
				SUPPORTED_PLATFORMS = "iphoneos iphonesimulator";
				SUPPORTS_MACCATALYST = NO;
				SUPPORTS_MAC_DESIGNED_FOR_IPHONE_IPAD = NO;
				SWIFT_EMIT_LOC_STRINGS = YES;
				SWIFT_VERSION = 5.0;
				TARGETED_DEVICE_FAMILY = 1;
			};
			name = Release;
		};
/* End XCBuildConfiguration section */

/* Begin XCConfigurationList section */
		FC6822872B94979D00562C78 /* Build configuration list for PBXProject "instaDiary" */ = {
			isa = XCConfigurationList;
			buildConfigurations = (
				FC68229E2B94979E00562C78 /* Debug */,
				FC68229F2B94979E00562C78 /* Release */,
			);
			defaultConfigurationIsVisible = 0;
			defaultConfigurationName = Release;
		};
		FC6822A02B94979E00562C78 /* Build configuration list for PBXNativeTarget "instaDiary" */ = {
			isa = XCConfigurationList;
			buildConfigurations = (
				FC6822A12B94979E00562C78 /* Debug */,
				FC6822A22B94979E00562C78 /* Release */,
			);
			defaultConfigurationIsVisible = 0;
			defaultConfigurationName = Release;
		};
/* End XCConfigurationList section */

/* Begin XCRemoteSwiftPackageReference section */
		FC64D52D2B99CF0900FF0E36 /* XCRemoteSwiftPackageReference "KeychainAccess" */ = {
			isa = XCRemoteSwiftPackageReference;
			repositoryURL = "https://github.com/kishikawakatsumi/KeychainAccess";
			requirement = {
				branch = master;
				kind = branch;
			};
		};
/* End XCRemoteSwiftPackageReference section */

/* Begin XCSwiftPackageProductDependency section */
		FC64D52E2B99CF0900FF0E36 /* KeychainAccess */ = {
			isa = XCSwiftPackageProductDependency;
			package = FC64D52D2B99CF0900FF0E36 /* XCRemoteSwiftPackageReference "KeychainAccess" */;
			productName = KeychainAccess;
		};
/* End XCSwiftPackageProductDependency section */

/* Begin XCVersionGroup section */
		FC54F6332BEF9ECA00918D70 /* instaDiary.xcdatamodeld */ = {
			isa = XCVersionGroup;
			children = (
				FC54F6342BEF9ECA00918D70 /* instaDiary.xcdatamodel */,
			);
			currentVersion = FC54F6342BEF9ECA00918D70 /* instaDiary.xcdatamodel */;
			path = instaDiary.xcdatamodeld;
			sourceTree = "<group>";
			versionGroupType = wrapper.xcdatamodel;
		};
/* End XCVersionGroup section */
	};
	rootObject = FC6822842B94979D00562C78 /* Project object */;
}
